// !$*UTF8*$!
{
	archiveVersion = 1;
	classes = {
	};
	objectVersion = 46;
	objects = {

/* Begin PBXBuildFile section */
		82268A7A1BE06E120003A78D /* main.m in Sources */ = {isa = PBXBuildFile; fileRef = 82268A791BE06E120003A78D /* main.m */; };
		82268A7D1BE06E120003A78D /* AppDelegate.m in Sources */ = {isa = PBXBuildFile; fileRef = 82268A7C1BE06E120003A78D /* AppDelegate.m */; };
		82268A801BE06E120003A78D /* ViewController.m in Sources */ = {isa = PBXBuildFile; fileRef = 82268A7F1BE06E120003A78D /* ViewController.m */; };
		82268A831BE06E120003A78D /* Main.storyboard in Resources */ = {isa = PBXBuildFile; fileRef = 82268A811BE06E120003A78D /* Main.storyboard */; };
		82268A851BE06E120003A78D /* Assets.xcassets in Resources */ = {isa = PBXBuildFile; fileRef = 82268A841BE06E120003A78D /* Assets.xcassets */; };
		82268A881BE06E120003A78D /* LaunchScreen.storyboard in Resources */ = {isa = PBXBuildFile; fileRef = 82268A861BE06E120003A78D /* LaunchScreen.storyboard */; };
		82268A931BE06E120003A78D /* CircleProgressDemoTests.m in Sources */ = {isa = PBXBuildFile; fileRef = 82268A921BE06E120003A78D /* CircleProgressDemoTests.m */; };
		82268A9E1BE06E120003A78D /* CircleProgressDemoUITests.m in Sources */ = {isa = PBXBuildFile; fileRef = 82268A9D1BE06E120003A78D /* CircleProgressDemoUITests.m */; };
/* End PBXBuildFile section */

/* Begin PBXContainerItemProxy section */
		82268A8F1BE06E120003A78D /* PBXContainerItemProxy */ = {
			isa = PBXContainerItemProxy;
			containerPortal = 82268A6D1BE06E120003A78D /* Project object */;
			proxyType = 1;
			remoteGlobalIDString = 82268A741BE06E120003A78D;
			remoteInfo = CircleProgressDemo;
		};
		82268A9A1BE06E120003A78D /* PBXContainerItemProxy */ = {
			isa = PBXContainerItemProxy;
			containerPortal = 82268A6D1BE06E120003A78D /* Project object */;
			proxyType = 1;
			remoteGlobalIDString = 82268A741BE06E120003A78D;
			remoteInfo = CircleProgressDemo;
		};
/* End PBXContainerItemProxy section */

/* Begin PBXFileReference section */
		82268A751BE06E120003A78D /* CircleProgressDemo.app */ = {isa = PBXFileReference; explicitFileType = wrapper.application; includeInIndex = 0; path = CircleProgressDemo.app; sourceTree = BUILT_PRODUCTS_DIR; };
		82268A791BE06E120003A78D /* main.m */ = {isa = PBXFileReference; lastKnownFileType = sourcecode.c.objc; path = main.m; sourceTree = "<group>"; };
		82268A7B1BE06E120003A78D /* AppDelegate.h */ = {isa = PBXFileReference; lastKnownFileType = sourcecode.c.h; path = AppDelegate.h; sourceTree = "<group>"; };
		82268A7C1BE06E120003A78D /* AppDelegate.m */ = {isa = PBXFileReference; lastKnownFileType = sourcecode.c.objc; path = AppDelegate.m; sourceTree = "<group>"; };
		82268A7E1BE06E120003A78D /* ViewController.h */ = {isa = PBXFileReference; lastKnownFileType = sourcecode.c.h; path = ViewController.h; sourceTree = "<group>"; };
		82268A7F1BE06E120003A78D /* ViewController.m */ = {isa = PBXFileReference; lastKnownFileType = sourcecode.c.objc; path = ViewController.m; sourceTree = "<group>"; };
		82268A821BE06E120003A78D /* Base */ = {isa = PBXFileReference; lastKnownFileType = file.storyboard; name = Base; path = Base.lproj/Main.storyboard; sourceTree = "<group>"; };
		82268A841BE06E120003A78D /* Assets.xcassets */ = {isa = PBXFileReference; lastKnownFileType = folder.assetcatalog; path = Assets.xcassets; sourceTree = "<group>"; };
		82268A871BE06E120003A78D /* Base */ = {isa = PBXFileReference; lastKnownFileType = file.storyboard; name = Base; path = Base.lproj/LaunchScreen.storyboard; sourceTree = "<group>"; };
		82268A891BE06E120003A78D /* Info.plist */ = {isa = PBXFileReference; lastKnownFileType = text.plist.xml; path = Info.plist; sourceTree = "<group>"; };
		82268A8E1BE06E120003A78D /* CircleProgressDemoTests.xctest */ = {isa = PBXFileReference; explicitFileType = wrapper.cfbundle; includeInIndex = 0; path = CircleProgressDemoTests.xctest; sourceTree = BUILT_PRODUCTS_DIR; };
		82268A921BE06E120003A78D /* CircleProgressDemoTests.m */ = {isa = PBXFileReference; lastKnownFileType = sourcecode.c.objc; path = CircleProgressDemoTests.m; sourceTree = "<group>"; };
		82268A941BE06E120003A78D /* Info.plist */ = {isa = PBXFileReference; lastKnownFileType = text.plist.xml; path = Info.plist; sourceTree = "<group>"; };
		82268A991BE06E120003A78D /* CircleProgressDemoUITests.xctest */ = {isa = PBXFileReference; explicitFileType = wrapper.cfbundle; includeInIndex = 0; path = CircleProgressDemoUITests.xctest; sourceTree = BUILT_PRODUCTS_DIR; };
		82268A9D1BE06E120003A78D /* CircleProgressDemoUITests.m */ = {isa = PBXFileReference; lastKnownFileType = sourcecode.c.objc; path = CircleProgressDemoUITests.m; sourceTree = "<group>"; };
		82268A9F1BE06E120003A78D /* Info.plist */ = {isa = PBXFileReference; lastKnownFileType = text.plist.xml; path = Info.plist; sourceTree = "<group>"; };
/* End PBXFileReference section */

/* Begin PBXFrameworksBuildPhase section */
		82268A721BE06E120003A78D /* Frameworks */ = {
			isa = PBXFrameworksBuildPhase;
			buildActionMask = 2147483647;
			files = (
			);
			runOnlyForDeploymentPostprocessing = 0;
		};
		82268A8B1BE06E120003A78D /* Frameworks */ = {
			isa = PBXFrameworksBuildPhase;
			buildActionMask = 2147483647;
			files = (
			);
			runOnlyForDeploymentPostprocessing = 0;
		};
		82268A961BE06E120003A78D /* Frameworks */ = {
			isa = PBXFrameworksBuildPhase;
			buildActionMask = 2147483647;
			files = (
			);
			runOnlyForDeploymentPostprocessing = 0;
		};
/* End PBXFrameworksBuildPhase section */

/* Begin PBXGroup section */
		82268A6C1BE06E120003A78D = {
			isa = PBXGroup;
			children = (
				82268A771BE06E120003A78D /* CircleProgressDemo */,
				82268A911BE06E120003A78D /* CircleProgressDemoTests */,
				82268A9C1BE06E120003A78D /* CircleProgressDemoUITests */,
				82268A761BE06E120003A78D /* Products */,
			);
			sourceTree = "<group>";
		};
		82268A761BE06E120003A78D /* Products */ = {
			isa = PBXGroup;
			children = (
				82268A751BE06E120003A78D /* CircleProgressDemo.app */,
				82268A8E1BE06E120003A78D /* CircleProgressDemoTests.xctest */,
				82268A991BE06E120003A78D /* CircleProgressDemoUITests.xctest */,
			);
			name = Products;
			sourceTree = "<group>";
		};
		82268A771BE06E120003A78D /* CircleProgressDemo */ = {
			isa = PBXGroup;
			children = (
				82268A7B1BE06E120003A78D /* AppDelegate.h */,
				82268A7C1BE06E120003A78D /* AppDelegate.m */,
				82268A7E1BE06E120003A78D /* ViewController.h */,
				82268A7F1BE06E120003A78D /* ViewController.m */,
				82268A811BE06E120003A78D /* Main.storyboard */,
				82268A841BE06E120003A78D /* Assets.xcassets */,
				82268A861BE06E120003A78D /* LaunchScreen.storyboard */,
				82268A891BE06E120003A78D /* Info.plist */,
				82268A781BE06E120003A78D /* Supporting Files */,
			);
			path = CircleProgressDemo;
			sourceTree = "<group>";
		};
		82268A781BE06E120003A78D /* Supporting Files */ = {
			isa = PBXGroup;
			children = (
				82268A791BE06E120003A78D /* main.m */,
			);
			name = "Supporting Files";
			sourceTree = "<group>";
		};
		82268A911BE06E120003A78D /* CircleProgressDemoTests */ = {
			isa = PBXGroup;
			children = (
				82268A921BE06E120003A78D /* CircleProgressDemoTests.m */,
				82268A941BE06E120003A78D /* Info.plist */,
			);
			path = CircleProgressDemoTests;
			sourceTree = "<group>";
		};
		82268A9C1BE06E120003A78D /* CircleProgressDemoUITests */ = {
			isa = PBXGroup;
			children = (
				82268A9D1BE06E120003A78D /* CircleProgressDemoUITests.m */,
				82268A9F1BE06E120003A78D /* Info.plist */,
			);
			path = CircleProgressDemoUITests;
			sourceTree = "<group>";
		};
/* End PBXGroup section */

/* Begin PBXNativeTarget section */
		82268A741BE06E120003A78D /* CircleProgressDemo */ = {
			isa = PBXNativeTarget;
			buildConfigurationList = 82268AA21BE06E120003A78D /* Build configuration list for PBXNativeTarget "CircleProgressDemo" */;
			buildPhases = (
				82268A711BE06E120003A78D /* Sources */,
				82268A721BE06E120003A78D /* Frameworks */,
				82268A731BE06E120003A78D /* Resources */,
			);
			buildRules = (
			);
			dependencies = (
			);
			name = CircleProgressDemo;
			productName = CircleProgressDemo;
			productReference = 82268A751BE06E120003A78D /* CircleProgressDemo.app */;
			productType = "com.apple.product-type.application";
		};
		82268A8D1BE06E120003A78D /* CircleProgressDemoTests */ = {
			isa = PBXNativeTarget;
			buildConfigurationList = 82268AA51BE06E120003A78D /* Build configuration list for PBXNativeTarget "CircleProgressDemoTests" */;
			buildPhases = (
				82268A8A1BE06E120003A78D /* Sources */,
				82268A8B1BE06E120003A78D /* Frameworks */,
				82268A8C1BE06E120003A78D /* Resources */,
			);
			buildRules = (
			);
			dependencies = (
				82268A901BE06E120003A78D /* PBXTargetDependency */,
			);
			name = CircleProgressDemoTests;
			productName = CircleProgressDemoTests;
			productReference = 82268A8E1BE06E120003A78D /* CircleProgressDemoTests.xctest */;
			productType = "com.apple.product-type.bundle.unit-test";
		};
		82268A981BE06E120003A78D /* CircleProgressDemoUITests */ = {
			isa = PBXNativeTarget;
			buildConfigurationList = 82268AA81BE06E120003A78D /* Build configuration list for PBXNativeTarget "CircleProgressDemoUITests" */;
			buildPhases = (
				82268A951BE06E120003A78D /* Sources */,
				82268A961BE06E120003A78D /* Frameworks */,
				82268A971BE06E120003A78D /* Resources */,
			);
			buildRules = (
			);
			dependencies = (
				82268A9B1BE06E120003A78D /* PBXTargetDependency */,
			);
			name = CircleProgressDemoUITests;
			productName = CircleProgressDemoUITests;
			productReference = 82268A991BE06E120003A78D /* CircleProgressDemoUITests.xctest */;
			productType = "com.apple.product-type.bundle.ui-testing";
		};
/* End PBXNativeTarget section */

/* Begin PBXProject section */
		82268A6D1BE06E120003A78D /* Project object */ = {
			isa = PBXProject;
			attributes = {
				LastUpgradeCheck = 0710;
				ORGANIZATIONNAME = "Jason Li";
				TargetAttributes = {
					82268A741BE06E120003A78D = {
						CreatedOnToolsVersion = 7.1;
					};
					82268A8D1BE06E120003A78D = {
						CreatedOnToolsVersion = 7.1;
						TestTargetID = 82268A741BE06E120003A78D;
					};
					82268A981BE06E120003A78D = {
						CreatedOnToolsVersion = 7.1;
						TestTargetID = 82268A741BE06E120003A78D;
					};
				};
			};
			buildConfigurationList = 82268A701BE06E120003A78D /* Build configuration list for PBXProject "CircleProgressDemo" */;
			compatibilityVersion = "Xcode 3.2";
			developmentRegion = English;
			hasScannedForEncodings = 0;
			knownRegions = (
				en,
				Base,
			);
			mainGroup = 82268A6C1BE06E120003A78D;
			productRefGroup = 82268A761BE06E120003A78D /* Products */;
			projectDirPath = "";
			projectRoot = "";
			targets = (
				82268A741BE06E120003A78D /* CircleProgressDemo */,
				82268A8D1BE06E120003A78D /* CircleProgressDemoTests */,
				82268A981BE06E120003A78D /* CircleProgressDemoUITests */,
			);
		};
/* End PBXProject section */

/* Begin PBXResourcesBuildPhase section */
		82268A731BE06E120003A78D /* Resources */ = {
			isa = PBXResourcesBuildPhase;
			buildActionMask = 2147483647;
			files = (
				82268A881BE06E120003A78D /* LaunchScreen.storyboard in Resources */,
				82268A851BE06E120003A78D /* Assets.xcassets in Resources */,
				82268A831BE06E120003A78D /* Main.storyboard in Resources */,
			);
			runOnlyForDeploymentPostprocessing = 0;
		};
		82268A8C1BE06E120003A78D /* Resources */ = {
			isa = PBXResourcesBuildPhase;
			buildActionMask = 2147483647;
			files = (
			);
			runOnlyForDeploymentPostprocessing = 0;
		};
		82268A971BE06E120003A78D /* Resources */ = {
			isa = PBXResourcesBuildPhase;
			buildActionMask = 2147483647;
			files = (
			);
			runOnlyForDeploymentPostprocessing = 0;
		};
/* End PBXResourcesBuildPhase section */

/* Begin PBXSourcesBuildPhase section */
		82268A711BE06E120003A78D /* Sources */ = {
			isa = PBXSourcesBuildPhase;
			buildActionMask = 2147483647;
			files = (
				82268A801BE06E120003A78D /* ViewController.m in Sources */,
				82268A7D1BE06E120003A78D /* AppDelegate.m in Sources */,
				82268A7A1BE06E120003A78D /* main.m in Sources */,
			);
			runOnlyForDeploymentPostprocessing = 0;
		};
		82268A8A1BE06E120003A78D /* Sources */ = {
			isa = PBXSourcesBuildPhase;
			buildActionMask = 2147483647;
			files = (
				82268A931BE06E120003A78D /* CircleProgressDemoTests.m in Sources */,
			);
			runOnlyForDeploymentPostprocessing = 0;
		};
		82268A951BE06E120003A78D /* Sources */ = {
			isa = PBXSourcesBuildPhase;
			buildActionMask = 2147483647;
			files = (
				82268A9E1BE06E120003A78D /* CircleProgressDemoUITests.m in Sources */,
			);
			runOnlyForDeploymentPostprocessing = 0;
		};
/* End PBXSourcesBuildPhase section */

/* Begin PBXTargetDependency section */
		82268A901BE06E120003A78D /* PBXTargetDependency */ = {
			isa = PBXTargetDependency;
			target = 82268A741BE06E120003A78D /* CircleProgressDemo */;
			targetProxy = 82268A8F1BE06E120003A78D /* PBXContainerItemProxy */;
		};
		82268A9B1BE06E120003A78D /* PBXTargetDependency */ = {
			isa = PBXTargetDependency;
			target = 82268A741BE06E120003A78D /* CircleProgressDemo */;
			targetProxy = 82268A9A1BE06E120003A78D /* PBXContainerItemProxy */;
		};
/* End PBXTargetDependency section */

/* Begin PBXVariantGroup section */
		82268A811BE06E120003A78D /* Main.storyboard */ = {
			isa = PBXVariantGroup;
			children = (
				82268A821BE06E120003A78D /* Base */,
			);
			name = Main.storyboard;
			sourceTree = "<group>";
		};
		82268A861BE06E120003A78D /* LaunchScreen.storyboard */ = {
			isa = PBXVariantGroup;
			children = (
				82268A871BE06E120003A78D /* Base */,
			);
			name = LaunchScreen.storyboard;
			sourceTree = "<group>";
		};
/* End PBXVariantGroup section */

/* Begin XCBuildConfiguration section */
		82268AA01BE06E120003A78D /* Debug */ = {
			isa = XCBuildConfiguration;
			buildSettings = {
				ALWAYS_SEARCH_USER_PATHS = NO;
				CLANG_CXX_LANGUAGE_STANDARD = "gnu++0x";
				CLANG_CXX_LIBRARY = "libc++";
				CLANG_ENABLE_MODULES = YES;
				CLANG_ENABLE_OBJC_ARC = YES;
				CLANG_WARN_BOOL_CONVERSION = YES;
				CLANG_WARN_CONSTANT_CONVERSION = YES;
				CLANG_WARN_DIRECT_OBJC_ISA_USAGE = YES_ERROR;
				CLANG_WARN_EMPTY_BODY = YES;
				CLANG_WARN_ENUM_CONVERSION = YES;
				CLANG_WARN_INT_CONVERSION = YES;
				CLANG_WARN_OBJC_ROOT_CLASS = YES_ERROR;
				CLANG_WARN_UNREACHABLE_CODE = YES;
				CLANG_WARN__DUPLICATE_METHOD_MATCH = YES;
				"CODE_SIGN_IDENTITY[sdk=iphoneos*]" = "iPhone Developer";
				COPY_PHASE_STRIP = NO;
				DEBUG_INFORMATION_FORMAT = dwarf;
				ENABLE_STRICT_OBJC_MSGSEND = YES;
				ENABLE_TESTABILITY = YES;
				GCC_C_LANGUAGE_STANDARD = gnu99;
				GCC_DYNAMIC_NO_PIC = NO;
				GCC_NO_COMMON_BLOCKS = YES;
				GCC_OPTIMIZATION_LEVEL = 0;
				GCC_PREPROCESSOR_DEFINITIONS = (
					"DEBUG=1",
					"$(inherited)",
				);
				GCC_WARN_64_TO_32_BIT_CONVERSION = YES;
				GCC_WARN_ABOUT_RETURN_TYPE = YES_ERROR;
				GCC_WARN_UNDECLARED_SELECTOR = YES;
				GCC_WARN_UNINITIALIZED_AUTOS = YES_AGGRESSIVE;
				GCC_WARN_UNUSED_FUNCTION = YES;
				GCC_WARN_UNUSED_VARIABLE = YES;
				IPHONEOS_DEPLOYMENT_TARGET = 9.1;
				MTL_ENABLE_DEBUG_INFO = YES;
				ONLY_ACTIVE_ARCH = YES;
				SDKROOT = iphoneos;
			};
			name = Debug;
		};
		82268AA11BE06E120003A78D /* Release */ = {
			isa = XCBuildConfiguration;
			buildSettings = {
				ALWAYS_SEARCH_USER_PATHS = NO;
				CLANG_CXX_LANGUAGE_STANDARD = "gnu++0x";
				CLANG_CXX_LIBRARY = "libc++";
				CLANG_ENABLE_MODULES = YES;
				CLANG_ENABLE_OBJC_ARC = YES;
				CLANG_WARN_BOOL_CONVERSION = YES;
				CLANG_WARN_CONSTANT_CONVERSION = YES;
				CLANG_WARN_DIRECT_OBJC_ISA_USAGE = YES_ERROR;
				CLANG_WARN_EMPTY_BODY = YES;
				CLANG_WARN_ENUM_CONVERSION = YES;
				CLANG_WARN_INT_CONVERSION = YES;
				CLANG_WARN_OBJC_ROOT_CLASS = YES_ERROR;
				CLANG_WARN_UNREACHABLE_CODE = YES;
				CLANG_WARN__DUPLICATE_METHOD_MATCH = YES;
				"CODE_SIGN_IDENTITY[sdk=iphoneos*]" = "iPhone Developer";
				COPY_PHASE_STRIP = NO;
				DEBUG_INFORMATION_FORMAT = "dwarf-with-dsym";
				ENABLE_NS_ASSERTIONS = NO;
				ENABLE_STRICT_OBJC_MSGSEND = YES;
				GCC_C_LANGUAGE_STANDARD = gnu99;
				GCC_NO_COMMON_BLOCKS = YES;
				GCC_WARN_64_TO_32_BIT_CONVERSION = YES;
				GCC_WARN_ABOUT_RETURN_TYPE = YES_ERROR;
				GCC_WARN_UNDECLARED_SELECTOR = YES;
				GCC_WARN_UNINITIALIZED_AUTOS = YES_AGGRESSIVE;
				GCC_WARN_UNUSED_FUNCTION = YES;
				GCC_WARN_UNUSED_VARIABLE = YES;
				IPHONEOS_DEPLOYMENT_TARGET = 9.1;
				MTL_ENABLE_DEBUG_INFO = NO;
				SDKROOT = iphoneos;
				VALIDATE_PRODUCT = YES;
			};
			name = Release;
		};
		82268AA31BE06E120003A78D /* Debug */ = {
			isa = XCBuildConfiguration;
			buildSettings = {
				ASSETCATALOG_COMPILER_APPICON_NAME = AppIcon;
				INFOPLIST_FILE = CircleProgressDemo/Info.plist;
				LD_RUNPATH_SEARCH_PATHS = "$(inherited) @executable_path/Frameworks";
				PRODUCT_BUNDLE_IDENTIFIER = li.CircleProgressDemo;
				PRODUCT_NAME = "$(TARGET_NAME)";
			};
			name = Debug;
		};
		82268AA41BE06E120003A78D /* Release */ = {
			isa = XCBuildConfiguration;
			buildSettings = {
				ASSETCATALOG_COMPILER_APPICON_NAME = AppIcon;
				INFOPLIST_FILE = CircleProgressDemo/Info.plist;
				LD_RUNPATH_SEARCH_PATHS = "$(inherited) @executable_path/Frameworks";
				PRODUCT_BUNDLE_IDENTIFIER = li.CircleProgressDemo;
				PRODUCT_NAME = "$(TARGET_NAME)";
			};
			name = Release;
		};
		82268AA61BE06E120003A78D /* Debug */ = {
			isa = XCBuildConfiguration;
			buildSettings = {
				BUNDLE_LOADER = "$(TEST_HOST)";
				INFOPLIST_FILE = CircleProgressDemoTests/Info.plist;
				LD_RUNPATH_SEARCH_PATHS = "$(inherited) @executable_path/Frameworks @loader_path/Frameworks";
				PRODUCT_BUNDLE_IDENTIFIER = li.CircleProgressDemoTests;
				PRODUCT_NAME = "$(TARGET_NAME)";
				TEST_HOST = "$(BUILT_PRODUCTS_DIR)/CircleProgressDemo.app/CircleProgressDemo";
			};
			name = Debug;
		};
		82268AA71BE06E120003A78D /* Release */ = {
			isa = XCBuildConfiguration;
			buildSettings = {
				BUNDLE_LOADER = "$(TEST_HOST)";
				INFOPLIST_FILE = CircleProgressDemoTests/Info.plist;
				LD_RUNPATH_SEARCH_PATHS = "$(inherited) @executable_path/Frameworks @loader_path/Frameworks";
				PRODUCT_BUNDLE_IDENTIFIER = li.CircleProgressDemoTests;
				PRODUCT_NAME = "$(TARGET_NAME)";
				TEST_HOST = "$(BUILT_PRODUCTS_DIR)/CircleProgressDemo.app/CircleProgressDemo";
			};
			name = Release;
		};
		82268AA91BE06E120003A78D /* Debug */ = {
			isa = XCBuildConfiguration;
			buildSettings = {
				INFOPLIST_FILE = CircleProgressDemoUITests/Info.plist;
				LD_RUNPATH_SEARCH_PATHS = "$(inherited) @executable_path/Frameworks @loader_path/Frameworks";
				PRODUCT_BUNDLE_IDENTIFIER = li.CircleProgressDemoUITests;
				PRODUCT_NAME = "$(TARGET_NAME)";
				TEST_TARGET_NAME = CircleProgressDemo;
				USES_XCTRUNNER = YES;
			};
			name = Debug;
		};
		82268AAA1BE06E120003A78D /* Release */ = {
			isa = XCBuildConfiguration;
			buildSettings = {
				INFOPLIST_FILE = CircleProgressDemoUITests/Info.plist;
				LD_RUNPATH_SEARCH_PATHS = "$(inherited) @executable_path/Frameworks @loader_path/Frameworks";
				PRODUCT_BUNDLE_IDENTIFIER = li.CircleProgressDemoUITests;
				PRODUCT_NAME = "$(TARGET_NAME)";
				TEST_TARGET_NAME = CircleProgressDemo;
				USES_XCTRUNNER = YES;
			};
			name = Release;
		};
/* End XCBuildConfiguration section */

/* Begin XCConfigurationList section */
		82268A701BE06E120003A78D /* Build configuration list for PBXProject "CircleProgressDemo" */ = {
			isa = XCConfigurationList;
			buildConfigurations = (
				82268AA01BE06E120003A78D /* Debug */,
				82268AA11BE06E120003A78D /* Release */,
			);
			defaultConfigurationIsVisible = 0;
			defaultConfigurationName = Release;
		};
		82268AA21BE06E120003A78D /* Build configuration list for PBXNativeTarget "CircleProgressDemo" */ = {
			isa = XCConfigurationList;
			buildConfigurations = (
				82268AA31BE06E120003A78D /* Debug */,
				82268AA41BE06E120003A78D /* Release */,
			);
			defaultConfigurationIsVisible = 0;
		};
		82268AA51BE06E120003A78D /* Build configuration list for PBXNativeTarget "CircleProgressDemoTests" */ = {
			isa = XCConfigurationList;
			buildConfigurations = (
				82268AA61BE06E120003A78D /* Debug */,
				82268AA71BE06E120003A78D /* Release */,
			);
			defaultConfigurationIsVisible = 0;
		};
		82268AA81BE06E120003A78D /* Build configuration list for PBXNativeTarget "CircleProgressDemoUITests" */ = {
			isa = XCConfigurationList;
			buildConfigurations = (
				82268AA91BE06E120003A78D /* Debug */,
				82268AAA1BE06E120003A78D /* Release */,
			);
			defaultConfigurationIsVisible = 0;
		};
/* End XCConfigurationList section */
	};
	rootObject = 82268A6D1BE06E120003A78D /* Project object */;
}
